
Microsoft Visual Studio Solution File, Format Version 12.00
# Visual Studio Version 17
VisualStudioVersion = 17.0.31903.59
MinimumVisualStudioVersion = 10.0.40219.1
Project("{2150E333-8FDC-42A3-9474-1A3956D46DE8}") = "src", "src", "{827E0CD3-B72D-47B6-A68D-7590B98EB39B}"
EndProject
Project("{FAE04EC0-301F-11D3-BF4B-00C04F79EFBC}") = "AI.MIS.Api", "src\AI.MIS.Api\AI.MIS.Api.csproj", "{6174CB87-1A74-40B1-ABC6-B2C7541F9AC4}"
EndProject
Project("{FAE04EC0-301F-11D3-BF4B-00C04F79EFBC}") = "AI.MIS.Domain", "src\AI.MIS.Domain\AI.MIS.Domain.csproj", "{D07A1026-CFBD-441F-A593-AA9100F7499E}"
EndProject
Project("{FAE04EC0-301F-11D3-BF4B-00C04F79EFBC}") = "AI.MIS.Application", "src\AI.MIS.Application\AI.MIS.Application.csproj", "{5DD83D74-7896-467A-84C1-F89F9AE4222D}"
EndProject
Project("{FAE04EC0-301F-11D3-BF4B-00C04F79EFBC}") = "AI.MIS.Infrastructure", "src\AI.MIS.Infrastructure\AI.MIS.Infrastructure.csproj", "{216D6EE5-2670-495A-932C-64BB55CC358F}"
EndProject
Project("{FAE04EC0-301F-11D3-BF4B-00C04F79EFBC}") = "AI.MIS.Persistence", "src\AI.MIS.Persistence\AI.MIS.Persistence.csproj", "{9AEF4B80-1FA7-4DAE-9FFD-787C299AA212}"
EndProject
Global
	GlobalSection(SolutionConfigurationPlatforms) = preSolution
		Debug|Any CPU = Debug|Any CPU
		Debug|x64 = Debug|x64
		Debug|x86 = Debug|x86
		Release|Any CPU = Release|Any CPU
		Release|x64 = Release|x64
		Release|x86 = Release|x86
	EndGlobalSection
	GlobalSection(ProjectConfigurationPlatforms) = postSolution
		{6174CB87-1A74-40B1-ABC6-B2C7541F9AC4}.Debug|Any CPU.ActiveCfg = Debug|Any CPU
		{6174CB87-1A74-40B1-ABC6-B2C7541F9AC4}.Debug|Any CPU.Build.0 = Debug|Any CPU
		{6174CB87-1A74-40B1-ABC6-B2C7541F9AC4}.Debug|x64.ActiveCfg = Debug|Any CPU
		{6174CB87-1A74-40B1-ABC6-B2C7541F9AC4}.Debug|x64.Build.0 = Debug|Any CPU
		{6174CB87-1A74-40B1-ABC6-B2C7541F9AC4}.Debug|x86.ActiveCfg = Debug|Any CPU
		{6174CB87-1A74-40B1-ABC6-B2C7541F9AC4}.Debug|x86.Build.0 = Debug|Any CPU
		{6174CB87-1A74-40B1-ABC6-B2C7541F9AC4}.Release|Any CPU.ActiveCfg = Release|Any CPU
		{6174CB87-1A74-40B1-ABC6-B2C7541F9AC4}.Release|Any CPU.Build.0 = Release|Any CPU
		{6174CB87-1A74-40B1-ABC6-B2C7541F9AC4}.Release|x64.ActiveCfg = Release|Any CPU
		{6174CB87-1A74-40B1-ABC6-B2C7541F9AC4}.Release|x64.Build.0 = Release|Any CPU
		{6174CB87-1A74-40B1-ABC6-B2C7541F9AC4}.Release|x86.ActiveCfg = Release|Any CPU
		{6174CB87-1A74-40B1-ABC6-B2C7541F9AC4}.Release|x86.Build.0 = Release|Any CPU
		{D07A1026-CFBD-441F-A593-AA9100F7499E}.Debug|Any CPU.ActiveCfg = Debug|Any CPU
		{D07A1026-CFBD-441F-A593-AA9100F7499E}.Debug|Any CPU.Build.0 = Debug|Any CPU
		{D07A1026-CFBD-441F-A593-AA9100F7499E}.Debug|x64.ActiveCfg = Debug|Any CPU
		{D07A1026-CFBD-441F-A593-AA9100F7499E}.Debug|x64.Build.0 = Debug|Any CPU
		{D07A1026-CFBD-441F-A593-AA9100F7499E}.Debug|x86.ActiveCfg = Debug|Any CPU
		{D07A1026-CFBD-441F-A593-AA9100F7499E}.Debug|x86.Build.0 = Debug|Any CPU
		{D07A1026-CFBD-441F-A593-AA9100F7499E}.Release|Any CPU.ActiveCfg = Release|Any CPU
		{D07A1026-CFBD-441F-A593-AA9100F7499E}.Release|Any CPU.Build.0 = Release|Any CPU
		{D07A1026-CFBD-441F-A593-AA9100F7499E}.Release|x64.ActiveCfg = Release|Any CPU
		{D07A1026-CFBD-441F-A593-AA9100F7499E}.Release|x64.Build.0 = Release|Any CPU
		{D07A1026-CFBD-441F-A593-AA9100F7499E}.Release|x86.ActiveCfg = Release|Any CPU
		{D07A1026-CFBD-441F-A593-AA9100F7499E}.Release|x86.Build.0 = Release|Any CPU
		{5DD83D74-7896-467A-84C1-F89F9AE4222D}.Debug|Any CPU.ActiveCfg = Debug|Any CPU
		{5DD83D74-7896-467A-84C1-F89F9AE4222D}.Debug|Any CPU.Build.0 = Debug|Any CPU
		{5DD83D74-7896-467A-84C1-F89F9AE4222D}.Debug|x64.ActiveCfg = Debug|Any CPU
		{5DD83D74-7896-467A-84C1-F89F9AE4222D}.Debug|x64.Build.0 = Debug|Any CPU
		{5DD83D74-7896-467A-84C1-F89F9AE4222D}.Debug|x86.ActiveCfg = Debug|Any CPU
		{5DD83D74-7896-467A-84C1-F89F9AE4222D}.Debug|x86.Build.0 = Debug|Any CPU
		{5DD83D74-7896-467A-84C1-F89F9AE4222D}.Release|Any CPU.ActiveCfg = Release|Any CPU
		{5DD83D74-7896-467A-84C1-F89F9AE4222D}.Release|Any CPU.Build.0 = Release|Any CPU
		{5DD83D74-7896-467A-84C1-F89F9AE4222D}.Release|x64.ActiveCfg = Release|Any CPU
		{5DD83D74-7896-467A-84C1-F89F9AE4222D}.Release|x64.Build.0 = Release|Any CPU
		{5DD83D74-7896-467A-84C1-F89F9AE4222D}.Release|x86.ActiveCfg = Release|Any CPU
		{5DD83D74-7896-467A-84C1-F89F9AE4222D}.Release|x86.Build.0 = Release|Any CPU
		{216D6EE5-2670-495A-932C-64BB55CC358F}.Debug|Any CPU.ActiveCfg = Debug|Any CPU
		{216D6EE5-2670-495A-932C-64BB55CC358F}.Debug|Any CPU.Build.0 = Debug|Any CPU
		{216D6EE5-2670-495A-932C-64BB55CC358F}.Debug|x64.ActiveCfg = Debug|Any CPU
		{216D6EE5-2670-495A-932C-64BB55CC358F}.Debug|x64.Build.0 = Debug|Any CPU
		{216D6EE5-2670-495A-932C-64BB55CC358F}.Debug|x86.ActiveCfg = Debug|Any CPU
		{216D6EE5-2670-495A-932C-64BB55CC358F}.Debug|x86.Build.0 = Debug|Any CPU
		{216D6EE5-2670-495A-932C-64BB55CC358F}.Release|Any CPU.ActiveCfg = Release|Any CPU
		{216D6EE5-2670-495A-932C-64BB55CC358F}.Release|Any CPU.Build.0 = Release|Any CPU
		{216D6EE5-2670-495A-932C-64BB55CC358F}.Release|x64.ActiveCfg = Release|Any CPU
		{216D6EE5-2670-495A-932C-64BB55CC358F}.Release|x64.Build.0 = Release|Any CPU
		{216D6EE5-2670-495A-932C-64BB55CC358F}.Release|x86.ActiveCfg = Release|Any CPU
		{216D6EE5-2670-495A-932C-64BB55CC358F}.Release|x86.Build.0 = Release|Any CPU
		{9AEF4B80-1FA7-4DAE-9FFD-787C299AA212}.Debug|Any CPU.ActiveCfg = Debug|Any CPU
		{9AEF4B80-1FA7-4DAE-9FFD-787C299AA212}.Debug|Any CPU.Build.0 = Debug|Any CPU
		{9AEF4B80-1FA7-4DAE-9FFD-787C299AA212}.Debug|x64.ActiveCfg = Debug|Any CPU
		{9AEF4B80-1FA7-4DAE-9FFD-787C299AA212}.Debug|x64.Build.0 = Debug|Any CPU
		{9AEF4B80-1FA7-4DAE-9FFD-787C299AA212}.Debug|x86.ActiveCfg = Debug|Any CPU
		{9AEF4B80-1FA7-4DAE-9FFD-787C299AA212}.Debug|x86.Build.0 = Debug|Any CPU
		{9AEF4B80-1FA7-4DAE-9FFD-787C299AA212}.Release|Any CPU.ActiveCfg = Release|Any CPU
		{9AEF4B80-1FA7-4DAE-9FFD-787C299AA212}.Release|Any CPU.Build.0 = Release|Any CPU
		{9AEF4B80-1FA7-4DAE-9FFD-787C299AA212}.Release|x64.ActiveCfg = Release|Any CPU
		{9AEF4B80-1FA7-4DAE-9FFD-787C299AA212}.Release|x64.Build.0 = Release|Any CPU
		{9AEF4B80-1FA7-4DAE-9FFD-787C299AA212}.Release|x86.ActiveCfg = Release|Any CPU
		{9AEF4B80-1FA7-4DAE-9FFD-787C299AA212}.Release|x86.Build.0 = Release|Any CPU
	EndGlobalSection
	GlobalSection(SolutionProperties) = preSolution
		HideSolutionNode = FALSE
	EndGlobalSection
	GlobalSection(NestedProjects) = preSolution
		{6174CB87-1A74-40B1-ABC6-B2C7541F9AC4} = {827E0CD3-B72D-47B6-A68D-7590B98EB39B}
		{D07A1026-CFBD-441F-A593-AA9100F7499E} = {827E0CD3-B72D-47B6-A68D-7590B98EB39B}
		{5DD83D74-7896-467A-84C1-F89F9AE4222D} = {827E0CD3-B72D-47B6-A68D-7590B98EB39B}
		{216D6EE5-2670-495A-932C-64BB55CC358F} = {827E0CD3-B72D-47B6-A68D-7590B98EB39B}
		{9AEF4B80-1FA7-4DAE-9FFD-787C299AA212} = {827E0CD3-B72D-47B6-A68D-7590B98EB39B}
	EndGlobalSection
EndGlobal
